
Microsoft Visual Studio Solution File, Format Version 12.00
# Visual Studio 2012
Project("{FAE04EC0-301F-11D3-BF4B-00C04F79EFBC}") = "Fagweekend2012.Service", "Fagweekend2012.Service\Fagweekend2012.Service.csproj", "{ADA7E5B7-1831-47C9-95BE-F637BC071188}"
EndProject
Project("{FAE04EC0-301F-11D3-BF4B-00C04F79EFBC}") = "Webstep.PeopleScraper", "Webstep.PeopleScraper\Webstep.PeopleScraper.csproj", "{5085A2F9-C932-4907-AD71-28EED61AC02E}"
EndProject
Project("{FAE04EC0-301F-11D3-BF4B-00C04F79EFBC}") = "Webstep.People.Domain", "Webstep.People.Domain\Webstep.People.Domain.csproj", "{228A809B-321C-4802-BF71-D527F3A2BEC7}"
EndProject
Project("{FAE04EC0-301F-11D3-BF4B-00C04F79EFBC}") = "Webstep.Fagkomiteen.Web", "Webstep.Fagkomiteen.Web\Webstep.Fagkomiteen.Web.csproj", "{6A60E5FD-5748-4EAB-A30B-A0EBA78348D4}"
EndProject
Project("{FAE04EC0-301F-11D3-BF4B-00C04F79EFBC}") = "Webstep.People.WpfSample", "Webstep.People.WpfSample\Webstep.People.WpfSample.csproj", "{14576992-E3D2-44DB-B6F8-42393D73180C}"
EndProject
Project("{FAE04EC0-301F-11D3-BF4B-00C04F79EFBC}") = "Webstep.People.WebSample", "Webstep.People.WebSample\Webstep.People.WebSample.csproj", "{04AC738F-5FA4-40D9-808D-4C2485D5A54E}"
EndProject
Global
	GlobalSection(SolutionConfigurationPlatforms) = preSolution
		Debug|Any CPU = Debug|Any CPU
		Debug|Mixed Platforms = Debug|Mixed Platforms
		Debug|x86 = Debug|x86
		Release|Any CPU = Release|Any CPU
		Release|Mixed Platforms = Release|Mixed Platforms
		Release|x86 = Release|x86
	EndGlobalSection
	GlobalSection(ProjectConfigurationPlatforms) = postSolution
		{ADA7E5B7-1831-47C9-95BE-F637BC071188}.Debug|Any CPU.ActiveCfg = Debug|Any CPU
		{ADA7E5B7-1831-47C9-95BE-F637BC071188}.Debug|Any CPU.Build.0 = Debug|Any CPU
		{ADA7E5B7-1831-47C9-95BE-F637BC071188}.Debug|Mixed Platforms.ActiveCfg = Debug|Any CPU
		{ADA7E5B7-1831-47C9-95BE-F637BC071188}.Debug|Mixed Platforms.Build.0 = Debug|Any CPU
		{ADA7E5B7-1831-47C9-95BE-F637BC071188}.Debug|x86.ActiveCfg = Debug|Any CPU
		{ADA7E5B7-1831-47C9-95BE-F637BC071188}.Release|Any CPU.ActiveCfg = Release|Any CPU
		{ADA7E5B7-1831-47C9-95BE-F637BC071188}.Release|Any CPU.Build.0 = Release|Any CPU
		{ADA7E5B7-1831-47C9-95BE-F637BC071188}.Release|Mixed Platforms.ActiveCfg = Release|Any CPU
		{ADA7E5B7-1831-47C9-95BE-F637BC071188}.Release|Mixed Platforms.Build.0 = Release|Any CPU
		{ADA7E5B7-1831-47C9-95BE-F637BC071188}.Release|x86.ActiveCfg = Release|Any CPU
		{5085A2F9-C932-4907-AD71-28EED61AC02E}.Debug|Any CPU.ActiveCfg = Debug|x86
		{5085A2F9-C932-4907-AD71-28EED61AC02E}.Debug|Mixed Platforms.ActiveCfg = Debug|x86
		{5085A2F9-C932-4907-AD71-28EED61AC02E}.Debug|Mixed Platforms.Build.0 = Debug|x86
		{5085A2F9-C932-4907-AD71-28EED61AC02E}.Debug|x86.ActiveCfg = Debug|x86
		{5085A2F9-C932-4907-AD71-28EED61AC02E}.Debug|x86.Build.0 = Debug|x86
		{5085A2F9-C932-4907-AD71-28EED61AC02E}.Release|Any CPU.ActiveCfg = Release|x86
		{5085A2F9-C932-4907-AD71-28EED61AC02E}.Release|Mixed Platforms.ActiveCfg = Release|x86
		{5085A2F9-C932-4907-AD71-28EED61AC02E}.Release|Mixed Platforms.Build.0 = Release|x86
		{5085A2F9-C932-4907-AD71-28EED61AC02E}.Release|x86.ActiveCfg = Release|x86
		{5085A2F9-C932-4907-AD71-28EED61AC02E}.Release|x86.Build.0 = Release|x86
		{228A809B-321C-4802-BF71-D527F3A2BEC7}.Debug|Any CPU.ActiveCfg = Debug|Any CPU
		{228A809B-321C-4802-BF71-D527F3A2BEC7}.Debug|Any CPU.Build.0 = Debug|Any CPU
		{228A809B-321C-4802-BF71-D527F3A2BEC7}.Debug|Mixed Platforms.ActiveCfg = Debug|Any CPU
		{228A809B-321C-4802-BF71-D527F3A2BEC7}.Debug|Mixed Platforms.Build.0 = Debug|Any CPU
		{228A809B-321C-4802-BF71-D527F3A2BEC7}.Debug|x86.ActiveCfg = Debug|Any CPU
		{228A809B-321C-4802-BF71-D527F3A2BEC7}.Release|Any CPU.ActiveCfg = Release|Any CPU
		{228A809B-321C-4802-BF71-D527F3A2BEC7}.Release|Any CPU.Build.0 = Release|Any CPU
		{228A809B-321C-4802-BF71-D527F3A2BEC7}.Release|Mixed Platforms.ActiveCfg = Release|Any CPU
		{228A809B-321C-4802-BF71-D527F3A2BEC7}.Release|Mixed Platforms.Build.0 = Release|Any CPU
		{228A809B-321C-4802-BF71-D527F3A2BEC7}.Release|x86.ActiveCfg = Release|Any CPU
		{6A60E5FD-5748-4EAB-A30B-A0EBA78348D4}.Debug|Any CPU.ActiveCfg = Debug|Any CPU
		{6A60E5FD-5748-4EAB-A30B-A0EBA78348D4}.Debug|Any CPU.Build.0 = Debug|Any CPU
		{6A60E5FD-5748-4EAB-A30B-A0EBA78348D4}.Debug|Mixed Platforms.ActiveCfg = Debug|Any CPU
		{6A60E5FD-5748-4EAB-A30B-A0EBA78348D4}.Debug|Mixed Platforms.Build.0 = Debug|Any CPU
		{6A60E5FD-5748-4EAB-A30B-A0EBA78348D4}.Debug|x86.ActiveCfg = Debug|Any CPU
		{6A60E5FD-5748-4EAB-A30B-A0EBA78348D4}.Release|Any CPU.ActiveCfg = Release|Any CPU
		{6A60E5FD-5748-4EAB-A30B-A0EBA78348D4}.Release|Any CPU.Build.0 = Release|Any CPU
		{6A60E5FD-5748-4EAB-A30B-A0EBA78348D4}.Release|Mixed Platforms.ActiveCfg = Release|Any CPU
		{6A60E5FD-5748-4EAB-A30B-A0EBA78348D4}.Release|Mixed Platforms.Build.0 = Release|Any CPU
		{6A60E5FD-5748-4EAB-A30B-A0EBA78348D4}.Release|x86.ActiveCfg = Release|Any CPU
		{14576992-E3D2-44DB-B6F8-42393D73180C}.Debug|Any CPU.ActiveCfg = Debug|Any CPU
		{14576992-E3D2-44DB-B6F8-42393D73180C}.Debug|Any CPU.Build.0 = Debug|Any CPU
		{14576992-E3D2-44DB-B6F8-42393D73180C}.Debug|Mixed Platforms.ActiveCfg = Debug|Any CPU
		{14576992-E3D2-44DB-B6F8-42393D73180C}.Debug|Mixed Platforms.Build.0 = Debug|Any CPU
		{14576992-E3D2-44DB-B6F8-42393D73180C}.Debug|x86.ActiveCfg = Debug|Any CPU
		{14576992-E3D2-44DB-B6F8-42393D73180C}.Release|Any CPU.ActiveCfg = Release|Any CPU
		{14576992-E3D2-44DB-B6F8-42393D73180C}.Release|Any CPU.Build.0 = Release|Any CPU
		{14576992-E3D2-44DB-B6F8-42393D73180C}.Release|Mixed Platforms.ActiveCfg = Release|Any CPU
		{14576992-E3D2-44DB-B6F8-42393D73180C}.Release|Mixed Platforms.Build.0 = Release|Any CPU
		{14576992-E3D2-44DB-B6F8-42393D73180C}.Release|x86.ActiveCfg = Release|Any CPU
		{04AC738F-5FA4-40D9-808D-4C2485D5A54E}.Debug|Any CPU.ActiveCfg = Debug|Any CPU
		{04AC738F-5FA4-40D9-808D-4C2485D5A54E}.Debug|Any CPU.Build.0 = Debug|Any CPU
		{04AC738F-5FA4-40D9-808D-4C2485D5A54E}.Debug|Mixed Platforms.ActiveCfg = Debug|Any CPU
		{04AC738F-5FA4-40D9-808D-4C2485D5A54E}.Debug|Mixed Platforms.Build.0 = Debug|Any CPU
		{04AC738F-5FA4-40D9-808D-4C2485D5A54E}.Debug|x86.ActiveCfg = Debug|Any CPU
		{04AC738F-5FA4-40D9-808D-4C2485D5A54E}.Release|Any CPU.ActiveCfg = Release|Any CPU
		{04AC738F-5FA4-40D9-808D-4C2485D5A54E}.Release|Any CPU.Build.0 = Release|Any CPU
		{04AC738F-5FA4-40D9-808D-4C2485D5A54E}.Release|Mixed Platforms.ActiveCfg = Release|Any CPU
		{04AC738F-5FA4-40D9-808D-4C2485D5A54E}.Release|Mixed Platforms.Build.0 = Release|Any CPU
		{04AC738F-5FA4-40D9-808D-4C2485D5A54E}.Release|x86.ActiveCfg = Release|Any CPU
	EndGlobalSection
	GlobalSection(SolutionProperties) = preSolution
		HideSolutionNode = FALSE
	EndGlobalSection
EndGlobal
